
Microsoft Visual Studio Solution File, Format Version 12.00
# Visual Studio Version 17
VisualStudioVersion = 17.4.33213.308
MinimumVisualStudioVersion = 10.0.40219.1
Project("{FAE04EC0-301F-11D3-BF4B-00C04F79EFBC}") = "ZaroFeladat", "ZaroFeladat\ZaroFeladat.csproj", "{EC27626F-33F2-44CD-8779-6DF1732B115B}"
EndProject
Global
	GlobalSection(SolutionConfigurationPlatforms) = preSolution
		Debug|Any CPU = Debug|Any CPU
		Release|Any CPU = Release|Any CPU
	EndGlobalSection
	GlobalSection(ProjectConfigurationPlatforms) = postSolution
		{EC27626F-33F2-44CD-8779-6DF1732B115B}.Debug|Any CPU.ActiveCfg = Debug|Any CPU
		{EC27626F-33F2-44CD-8779-6DF1732B115B}.Debug|Any CPU.Build.0 = Debug|Any CPU
		{EC27626F-33F2-44CD-8779-6DF1732B115B}.Release|Any CPU.ActiveCfg = Release|Any CPU
		{EC27626F-33F2-44CD-8779-6DF1732B115B}.Release|Any CPU.Build.0 = Release|Any CPU
	EndGlobalSection
	GlobalSection(SolutionProperties) = preSolution
		HideSolutionNode = FALSE
	EndGlobalSection
	GlobalSection(ExtensibilityGlobals) = postSolution
		SolutionGuid = {651C4BAB-0287-49B3-B7D7-FA5A5EC1DEFA}
	EndGlobalSection
EndGlobal
